
Microsoft Visual Studio Solution File, Format Version 12.00
# Visual Studio 2013
VisualStudioVersion = 12.0.31101.0
MinimumVisualStudioVersion = 10.0.40219.1
Project("{FAE04EC0-301F-11D3-BF4B-00C04F79EFBC}") = "mvcFirstPart", "mvcFirstPart\mvcFirstPart.csproj", "{3E2F8916-39A5-4577-B85D-0B5DFBF9BEA2}"
EndProject
Global
	GlobalSection(SolutionConfigurationPlatforms) = preSolution
		Debug|Any CPU = Debug|Any CPU
		Release|Any CPU = Release|Any CPU
	EndGlobalSection
	GlobalSection(ProjectConfigurationPlatforms) = postSolution
		{3E2F8916-39A5-4577-B85D-0B5DFBF9BEA2}.Debug|Any CPU.ActiveCfg = Debug|Any CPU
		{3E2F8916-39A5-4577-B85D-0B5DFBF9BEA2}.Debug|Any CPU.Build.0 = Debug|Any CPU
		{3E2F8916-39A5-4577-B85D-0B5DFBF9BEA2}.Release|Any CPU.ActiveCfg = Release|Any CPU
		{3E2F8916-39A5-4577-B85D-0B5DFBF9BEA2}.Release|Any CPU.Build.0 = Release|Any CPU
	EndGlobalSection
	GlobalSection(SolutionProperties) = preSolution
		HideSolutionNode = FALSE
	EndGlobalSection
EndGlobal
